{
  "requires": true,
  "lockfileVersion": 1,
  "dependencies": {
    "fuse.js": {
      "version": "3.4.5",
      "resolved": "https://registry.npmjs.org/fuse.js/-/fuse.js-3.4.5.tgz",
      "integrity": "sha512-s9PGTaQIkT69HaeoTVjwGsLfb8V8ScJLx5XGFcKHg0MqLUH/UZ4EKOtqtXX9k7AFqCGxD1aJmYb8Q5VYDibVRQ=="
    }
  }
}
