{
  "name": "FuzzySearch",
  "version": "1.0.0",
  "lockfileVersion": 1,
  "requires": true,
  "dependencies": {
    "@types/node": {
      "version": "10.12.18",
      "resolved": "https://registry.npmjs.org/@types/node/-/node-10.12.18.tgz",
      "integrity": "sha512-fh+pAqt4xRzPfqA6eh3Z2y6fyZavRIumvjhaCL753+TVkGKGhpPeyrJG2JftD0T9q4GF00KjefsQ+PQNDdWQaQ=="
    },
    "fuse.js": {
      "version": "3.4.5",
      "resolved": "https://registry.npmjs.org/fuse.js/-/fuse.js-3.4.5.tgz",
      "integrity": "sha512-s9PGTaQIkT69HaeoTVjwGsLfb8V8ScJLx5XGFcKHg0MqLUH/UZ4EKOtqtXX9k7AFqCGxD1aJmYb8Q5VYDibVRQ=="
    }
  }
}
